
Microsoft Visual Studio Solution File, Format Version 12.00
# Visual Studio 14
VisualStudioVersion = 14.0.23107.0
MinimumVisualStudioVersion = 10.0.40219.1
Project("{FAE04EC0-301F-11D3-BF4B-00C04F79EFBC}") = "DashmixPractice", "DashmixPractice\DashmixPractice.csproj", "{EE2AE775-CFFB-4F01-8938-81684C5662CF}"
EndProject
Project("{00D1A9C2-B5F0-4AF3-8072-F6C62B433612}") = "ScanMeDatabase", "ScanMeDatabase\ScanMeDatabase.sqlproj", "{26FDF66A-7203-441C-9F44-15EC58FF85F4}"
EndProject
Global
	GlobalSection(SolutionConfigurationPlatforms) = preSolution
		Debug|Any CPU = Debug|Any CPU
		Release|Any CPU = Release|Any CPU
	EndGlobalSection
	GlobalSection(ProjectConfigurationPlatforms) = postSolution
		{EE2AE775-CFFB-4F01-8938-81684C5662CF}.Debug|Any CPU.ActiveCfg = Debug|Any CPU
		{EE2AE775-CFFB-4F01-8938-81684C5662CF}.Debug|Any CPU.Build.0 = Debug|Any CPU
		{EE2AE775-CFFB-4F01-8938-81684C5662CF}.Release|Any CPU.ActiveCfg = Release|Any CPU
		{EE2AE775-CFFB-4F01-8938-81684C5662CF}.Release|Any CPU.Build.0 = Release|Any CPU
		{26FDF66A-7203-441C-9F44-15EC58FF85F4}.Debug|Any CPU.ActiveCfg = Debug|Any CPU
		{26FDF66A-7203-441C-9F44-15EC58FF85F4}.Debug|Any CPU.Build.0 = Debug|Any CPU
		{26FDF66A-7203-441C-9F44-15EC58FF85F4}.Debug|Any CPU.Deploy.0 = Debug|Any CPU
		{26FDF66A-7203-441C-9F44-15EC58FF85F4}.Release|Any CPU.ActiveCfg = Release|Any CPU
		{26FDF66A-7203-441C-9F44-15EC58FF85F4}.Release|Any CPU.Build.0 = Release|Any CPU
		{26FDF66A-7203-441C-9F44-15EC58FF85F4}.Release|Any CPU.Deploy.0 = Release|Any CPU
	EndGlobalSection
	GlobalSection(SolutionProperties) = preSolution
		HideSolutionNode = FALSE
	EndGlobalSection
EndGlobal
